
Microsoft Visual Studio Solution File, Format Version 12.00
# Visual Studio 14
VisualStudioVersion = 14.0.22609.0
MinimumVisualStudioVersion = 10.0.40219.1
Project("{2150E333-8FDC-42A3-9474-1A3956D46DE8}") = ".nuget", ".nuget", "{62A4D5A4-C0CF-491C-A8C5-1D2DF0B89785}"
	ProjectSection(SolutionItems) = preProject
		.nuget\NuGet.Config = .nuget\NuGet.Config
		.nuget\NuGet.exe = .nuget\NuGet.exe
		.nuget\NuGet.targets = .nuget\NuGet.targets
	EndProjectSection
EndProject
Project("{FAE04EC0-301F-11D3-BF4B-00C04F79EFBC}") = "AnalysisRunner", "AnalysisRunner\AnalysisRunner.csproj", "{52C90E5C-2B8E-43F7-AE43-E839FF181CA1}"
	ProjectSection(ProjectDependencies) = postProject
		{91AC1624-494B-4AB7-A7ED-B2F2B2866959} = {91AC1624-494B-4AB7-A7ED-B2F2B2866959}
	EndProjectSection
EndProject
Project("{FAE04EC0-301F-11D3-BF4B-00C04F79EFBC}") = "Analysis", "Analysis\Analysis.csproj", "{91AC1624-494B-4AB7-A7ED-B2F2B2866959}"
	ProjectSection(ProjectDependencies) = postProject
		{B22FB367-898D-496F-B6BD-B79EE49B35BA} = {B22FB367-898D-496F-B6BD-B79EE49B35BA}
	EndProjectSection
EndProject
Project("{FAE04EC0-301F-11D3-BF4B-00C04F79EFBC}") = "RoslynUtilities", "RoslynUtilities\RoslynUtilities.csproj", "{B22FB367-898D-496F-B6BD-B79EE49B35BA}"
EndProject
Project("{FAE04EC0-301F-11D3-BF4B-00C04F79EFBC}") = "WillDeletedAnalysis", "OldAnalysis\WillDeletedAnalysis.csproj", "{EBB275F0-FDB3-4149-AE72-D27FDAE53A6F}"
EndProject
Project("{FAE04EC0-301F-11D3-BF4B-00C04F79EFBC}") = "ExtractData", "ExtractData\ExtractData.csproj", "{C3B94382-5171-42A2-A1F3-5F932A3F06D7}"
EndProject
Global
	GlobalSection(SolutionConfigurationPlatforms) = preSolution
		Debug|Any CPU = Debug|Any CPU
		Debug|Mixed Platforms = Debug|Mixed Platforms
		Debug|x86 = Debug|x86
		Release|Any CPU = Release|Any CPU
		Release|Mixed Platforms = Release|Mixed Platforms
		Release|x86 = Release|x86
	EndGlobalSection
	GlobalSection(ProjectConfigurationPlatforms) = postSolution
		{52C90E5C-2B8E-43F7-AE43-E839FF181CA1}.Debug|Any CPU.ActiveCfg = Debug|Any CPU
		{52C90E5C-2B8E-43F7-AE43-E839FF181CA1}.Debug|Any CPU.Build.0 = Debug|Any CPU
		{52C90E5C-2B8E-43F7-AE43-E839FF181CA1}.Debug|Mixed Platforms.ActiveCfg = Debug|Any CPU
		{52C90E5C-2B8E-43F7-AE43-E839FF181CA1}.Debug|Mixed Platforms.Build.0 = Debug|Any CPU
		{52C90E5C-2B8E-43F7-AE43-E839FF181CA1}.Debug|x86.ActiveCfg = Debug|Any CPU
		{52C90E5C-2B8E-43F7-AE43-E839FF181CA1}.Release|Any CPU.ActiveCfg = Release|Any CPU
		{52C90E5C-2B8E-43F7-AE43-E839FF181CA1}.Release|Any CPU.Build.0 = Release|Any CPU
		{52C90E5C-2B8E-43F7-AE43-E839FF181CA1}.Release|Mixed Platforms.ActiveCfg = Release|Any CPU
		{52C90E5C-2B8E-43F7-AE43-E839FF181CA1}.Release|Mixed Platforms.Build.0 = Release|Any CPU
		{52C90E5C-2B8E-43F7-AE43-E839FF181CA1}.Release|x86.ActiveCfg = Release|Any CPU
		{91AC1624-494B-4AB7-A7ED-B2F2B2866959}.Debug|Any CPU.ActiveCfg = Debug|Any CPU
		{91AC1624-494B-4AB7-A7ED-B2F2B2866959}.Debug|Any CPU.Build.0 = Debug|Any CPU
		{91AC1624-494B-4AB7-A7ED-B2F2B2866959}.Debug|Mixed Platforms.ActiveCfg = Debug|Any CPU
		{91AC1624-494B-4AB7-A7ED-B2F2B2866959}.Debug|Mixed Platforms.Build.0 = Debug|Any CPU
		{91AC1624-494B-4AB7-A7ED-B2F2B2866959}.Debug|x86.ActiveCfg = Debug|Any CPU
		{91AC1624-494B-4AB7-A7ED-B2F2B2866959}.Release|Any CPU.ActiveCfg = Release|Any CPU
		{91AC1624-494B-4AB7-A7ED-B2F2B2866959}.Release|Any CPU.Build.0 = Release|Any CPU
		{91AC1624-494B-4AB7-A7ED-B2F2B2866959}.Release|Mixed Platforms.ActiveCfg = Release|Any CPU
		{91AC1624-494B-4AB7-A7ED-B2F2B2866959}.Release|Mixed Platforms.Build.0 = Release|Any CPU
		{91AC1624-494B-4AB7-A7ED-B2F2B2866959}.Release|x86.ActiveCfg = Release|Any CPU
		{B22FB367-898D-496F-B6BD-B79EE49B35BA}.Debug|Any CPU.ActiveCfg = Debug|Any CPU
		{B22FB367-898D-496F-B6BD-B79EE49B35BA}.Debug|Any CPU.Build.0 = Debug|Any CPU
		{B22FB367-898D-496F-B6BD-B79EE49B35BA}.Debug|Mixed Platforms.ActiveCfg = Debug|Any CPU
		{B22FB367-898D-496F-B6BD-B79EE49B35BA}.Debug|Mixed Platforms.Build.0 = Debug|Any CPU
		{B22FB367-898D-496F-B6BD-B79EE49B35BA}.Debug|x86.ActiveCfg = Debug|Any CPU
		{B22FB367-898D-496F-B6BD-B79EE49B35BA}.Debug|x86.Build.0 = Debug|Any CPU
		{B22FB367-898D-496F-B6BD-B79EE49B35BA}.Release|Any CPU.ActiveCfg = Release|Any CPU
		{B22FB367-898D-496F-B6BD-B79EE49B35BA}.Release|Any CPU.Build.0 = Release|Any CPU
		{B22FB367-898D-496F-B6BD-B79EE49B35BA}.Release|Mixed Platforms.ActiveCfg = Release|Any CPU
		{B22FB367-898D-496F-B6BD-B79EE49B35BA}.Release|Mixed Platforms.Build.0 = Release|Any CPU
		{B22FB367-898D-496F-B6BD-B79EE49B35BA}.Release|x86.ActiveCfg = Release|Any CPU
		{B22FB367-898D-496F-B6BD-B79EE49B35BA}.Release|x86.Build.0 = Release|Any CPU
		{EBB275F0-FDB3-4149-AE72-D27FDAE53A6F}.Debug|Any CPU.ActiveCfg = Debug|Any CPU
		{EBB275F0-FDB3-4149-AE72-D27FDAE53A6F}.Debug|Any CPU.Build.0 = Debug|Any CPU
		{EBB275F0-FDB3-4149-AE72-D27FDAE53A6F}.Debug|Mixed Platforms.ActiveCfg = Debug|Any CPU
		{EBB275F0-FDB3-4149-AE72-D27FDAE53A6F}.Debug|Mixed Platforms.Build.0 = Debug|Any CPU
		{EBB275F0-FDB3-4149-AE72-D27FDAE53A6F}.Debug|x86.ActiveCfg = Debug|Any CPU
		{EBB275F0-FDB3-4149-AE72-D27FDAE53A6F}.Debug|x86.Build.0 = Debug|Any CPU
		{EBB275F0-FDB3-4149-AE72-D27FDAE53A6F}.Release|Any CPU.ActiveCfg = Release|Any CPU
		{EBB275F0-FDB3-4149-AE72-D27FDAE53A6F}.Release|Any CPU.Build.0 = Release|Any CPU
		{EBB275F0-FDB3-4149-AE72-D27FDAE53A6F}.Release|Mixed Platforms.ActiveCfg = Release|Any CPU
		{EBB275F0-FDB3-4149-AE72-D27FDAE53A6F}.Release|Mixed Platforms.Build.0 = Release|Any CPU
		{EBB275F0-FDB3-4149-AE72-D27FDAE53A6F}.Release|x86.ActiveCfg = Release|Any CPU
		{EBB275F0-FDB3-4149-AE72-D27FDAE53A6F}.Release|x86.Build.0 = Release|Any CPU
		{C3B94382-5171-42A2-A1F3-5F932A3F06D7}.Debug|Any CPU.ActiveCfg = Debug|Any CPU
		{C3B94382-5171-42A2-A1F3-5F932A3F06D7}.Debug|Any CPU.Build.0 = Debug|Any CPU
		{C3B94382-5171-42A2-A1F3-5F932A3F06D7}.Debug|Mixed Platforms.ActiveCfg = Debug|Any CPU
		{C3B94382-5171-42A2-A1F3-5F932A3F06D7}.Debug|Mixed Platforms.Build.0 = Debug|Any CPU
		{C3B94382-5171-42A2-A1F3-5F932A3F06D7}.Debug|x86.ActiveCfg = Debug|Any CPU
		{C3B94382-5171-42A2-A1F3-5F932A3F06D7}.Debug|x86.Build.0 = Debug|Any CPU
		{C3B94382-5171-42A2-A1F3-5F932A3F06D7}.Release|Any CPU.ActiveCfg = Release|Any CPU
		{C3B94382-5171-42A2-A1F3-5F932A3F06D7}.Release|Any CPU.Build.0 = Release|Any CPU
		{C3B94382-5171-42A2-A1F3-5F932A3F06D7}.Release|Mixed Platforms.ActiveCfg = Release|Any CPU
		{C3B94382-5171-42A2-A1F3-5F932A3F06D7}.Release|Mixed Platforms.Build.0 = Release|Any CPU
		{C3B94382-5171-42A2-A1F3-5F932A3F06D7}.Release|x86.ActiveCfg = Release|Any CPU
		{C3B94382-5171-42A2-A1F3-5F932A3F06D7}.Release|x86.Build.0 = Release|Any CPU
	EndGlobalSection
	GlobalSection(SolutionProperties) = preSolution
		HideSolutionNode = FALSE
	EndGlobalSection
EndGlobal
